// !$*UTF8*$!
{
	archiveVersion = 1;
	classes = {
	};
	objectVersion = 46;
	objects = {

/* Begin PBXBuildFile section */
		3D6ACEAF1E80D6BD0015CFF9 /* AppDelegate.swift in Sources */ = {isa = PBXBuildFile; fileRef = 3D6ACEAE1E80D6BD0015CFF9 /* AppDelegate.swift */; };
		3D6ACEB11E80D6BD0015CFF9 /* ViewController.swift in Sources */ = {isa = PBXBuildFile; fileRef = 3D6ACEB01E80D6BD0015CFF9 /* ViewController.swift */; };
		3D6ACEB41E80D6BD0015CFF9 /* Main.storyboard in Resources */ = {isa = PBXBuildFile; fileRef = 3D6ACEB21E80D6BD0015CFF9 /* Main.storyboard */; };
		3D6ACEB61E80D6BD0015CFF9 /* Assets.xcassets in Resources */ = {isa = PBXBuildFile; fileRef = 3D6ACEB51E80D6BD0015CFF9 /* Assets.xcassets */; };
		3D6ACEB91E80D6BD0015CFF9 /* LaunchScreen.storyboard in Resources */ = {isa = PBXBuildFile; fileRef = 3D6ACEB71E80D6BD0015CFF9 /* LaunchScreen.storyboard */; };
		3D6ACEC41E80D6BE0015CFF9 /* HudDemoTests.swift in Sources */ = {isa = PBXBuildFile; fileRef = 3D6ACEC31E80D6BE0015CFF9 /* HudDemoTests.swift */; };
		3D6ACED11E80DC420015CFF9 /* ProgressView.swift in Sources */ = {isa = PBXBuildFile; fileRef = 3D6ACECF1E80DC420015CFF9 /* ProgressView.swift */; };
		3DE635D11E88BFBB009F591B /* HKProgressHUD.swift in Sources */ = {isa = PBXBuildFile; fileRef = 3DE635D01E88BFBB009F591B /* HKProgressHUD.swift */; };
/* End PBXBuildFile section */

/* Begin PBXContainerItemProxy section */
		3D6ACEC01E80D6BE0015CFF9 /* PBXContainerItemProxy */ = {
			isa = PBXContainerItemProxy;
			containerPortal = 3D6ACEA31E80D6BD0015CFF9 /* Project object */;
			proxyType = 1;
			remoteGlobalIDString = 3D6ACEAA1E80D6BD0015CFF9;
			remoteInfo = HubDemo;
		};
/* End PBXContainerItemProxy section */

/* Begin PBXFileReference section */
		3D6ACEAB1E80D6BD0015CFF9 /* HudDemo.app */ = {isa = PBXFileReference; explicitFileType = wrapper.application; includeInIndex = 0; path = HudDemo.app; sourceTree = BUILT_PRODUCTS_DIR; };
		3D6ACEAE1E80D6BD0015CFF9 /* AppDelegate.swift */ = {isa = PBXFileReference; lastKnownFileType = sourcecode.swift; path = AppDelegate.swift; sourceTree = "<group>"; };
		3D6ACEB01E80D6BD0015CFF9 /* ViewController.swift */ = {isa = PBXFileReference; lastKnownFileType = sourcecode.swift; path = ViewController.swift; sourceTree = "<group>"; };
		3D6ACEB31E80D6BD0015CFF9 /* Base */ = {isa = PBXFileReference; lastKnownFileType = file.storyboard; name = Base; path = Base.lproj/Main.storyboard; sourceTree = "<group>"; };
		3D6ACEB51E80D6BD0015CFF9 /* Assets.xcassets */ = {isa = PBXFileReference; lastKnownFileType = folder.assetcatalog; path = Assets.xcassets; sourceTree = "<group>"; };
		3D6ACEB81E80D6BD0015CFF9 /* Base */ = {isa = PBXFileReference; lastKnownFileType = file.storyboard; name = Base; path = Base.lproj/LaunchScreen.storyboard; sourceTree = "<group>"; };
		3D6ACEBA1E80D6BD0015CFF9 /* Info.plist */ = {isa = PBXFileReference; lastKnownFileType = text.plist.xml; path = Info.plist; sourceTree = "<group>"; };
		3D6ACEBF1E80D6BE0015CFF9 /* HudDemoTests.xctest */ = {isa = PBXFileReference; explicitFileType = wrapper.cfbundle; includeInIndex = 0; path = HudDemoTests.xctest; sourceTree = BUILT_PRODUCTS_DIR; };
		3D6ACEC31E80D6BE0015CFF9 /* HudDemoTests.swift */ = {isa = PBXFileReference; lastKnownFileType = sourcecode.swift; path = HudDemoTests.swift; sourceTree = "<group>"; };
		3D6ACEC51E80D6BE0015CFF9 /* Info.plist */ = {isa = PBXFileReference; lastKnownFileType = text.plist.xml; path = Info.plist; sourceTree = "<group>"; };
		3D6ACECF1E80DC420015CFF9 /* ProgressView.swift */ = {isa = PBXFileReference; fileEncoding = 4; lastKnownFileType = sourcecode.swift; name = ProgressView.swift; path = ../ProgressHub/ProgressView.swift; sourceTree = "<group>"; };
		3DE635D01E88BFBB009F591B /* HKProgressHUD.swift */ = {isa = PBXFileReference; fileEncoding = 4; lastKnownFileType = sourcecode.swift; name = HKProgressHUD.swift; path = ../ProgressHub/HKProgressHUD.swift; sourceTree = "<group>"; };
/* End PBXFileReference section */

/* Begin PBXFrameworksBuildPhase section */
		3D6ACEA81E80D6BD0015CFF9 /* Frameworks */ = {
			isa = PBXFrameworksBuildPhase;
			buildActionMask = 2147483647;
			files = (
			);
			runOnlyForDeploymentPostprocessing = 0;
		};
		3D6ACEBC1E80D6BE0015CFF9 /* Frameworks */ = {
			isa = PBXFrameworksBuildPhase;
			buildActionMask = 2147483647;
			files = (
			);
			runOnlyForDeploymentPostprocessing = 0;
		};
/* End PBXFrameworksBuildPhase section */

/* Begin PBXGroup section */
		3D6ACEA21E80D6BD0015CFF9 = {
			isa = PBXGroup;
			children = (
				3D6ACEAD1E80D6BD0015CFF9 /* HudDemo */,
				3D6ACED21E80DC4A0015CFF9 /* ProgressHud */,
				3D6ACEC21E80D6BE0015CFF9 /* HudDemoTests */,
				3D6ACEAC1E80D6BD0015CFF9 /* Products */,
			);
			sourceTree = "<group>";
		};
		3D6ACEAC1E80D6BD0015CFF9 /* Products */ = {
			isa = PBXGroup;
			children = (
				3D6ACEAB1E80D6BD0015CFF9 /* HudDemo.app */,
				3D6ACEBF1E80D6BE0015CFF9 /* HudDemoTests.xctest */,
			);
			name = Products;
			sourceTree = "<group>";
		};
		3D6ACEAD1E80D6BD0015CFF9 /* HudDemo */ = {
			isa = PBXGroup;
			children = (
				3D6ACEAE1E80D6BD0015CFF9 /* AppDelegate.swift */,
				3D6ACEB01E80D6BD0015CFF9 /* ViewController.swift */,
				3D6ACEB21E80D6BD0015CFF9 /* Main.storyboard */,
				3D6ACEB51E80D6BD0015CFF9 /* Assets.xcassets */,
				3D6ACEB71E80D6BD0015CFF9 /* LaunchScreen.storyboard */,
				3D6ACEBA1E80D6BD0015CFF9 /* Info.plist */,
			);
			name = HudDemo;
			path = HubDemo;
			sourceTree = "<group>";
		};
		3D6ACEC21E80D6BE0015CFF9 /* HudDemoTests */ = {
			isa = PBXGroup;
			children = (
				3D6ACEC31E80D6BE0015CFF9 /* HudDemoTests.swift */,
				3D6ACEC51E80D6BE0015CFF9 /* Info.plist */,
			);
			name = HudDemoTests;
			path = HubDemoTests;
			sourceTree = "<group>";
		};
		3D6ACED21E80DC4A0015CFF9 /* ProgressHud */ = {
			isa = PBXGroup;
			children = (
				3DE635D01E88BFBB009F591B /* HKProgressHUD.swift */,
				3D6ACECF1E80DC420015CFF9 /* ProgressView.swift */,
			);
			name = ProgressHud;
			sourceTree = "<group>";
		};
/* End PBXGroup section */

/* Begin PBXNativeTarget section */
		3D6ACEAA1E80D6BD0015CFF9 /* HudDemo */ = {
			isa = PBXNativeTarget;
			buildConfigurationList = 3D6ACEC81E80D6BE0015CFF9 /* Build configuration list for PBXNativeTarget "HudDemo" */;
			buildPhases = (
				3D6ACEA71E80D6BD0015CFF9 /* Sources */,
				3D6ACEA81E80D6BD0015CFF9 /* Frameworks */,
				3D6ACEA91E80D6BD0015CFF9 /* Resources */,
			);
			buildRules = (
			);
			dependencies = (
			);
			name = HudDemo;
			productName = HubDemo;
			productReference = 3D6ACEAB1E80D6BD0015CFF9 /* HudDemo.app */;
			productType = "com.apple.product-type.application";
		};
		3D6ACEBE1E80D6BE0015CFF9 /* HudDemoTests */ = {
			isa = PBXNativeTarget;
			buildConfigurationList = 3D6ACECB1E80D6BE0015CFF9 /* Build configuration list for PBXNativeTarget "HudDemoTests" */;
			buildPhases = (
				3D6ACEBB1E80D6BE0015CFF9 /* Sources */,
				3D6ACEBC1E80D6BE0015CFF9 /* Frameworks */,
				3D6ACEBD1E80D6BE0015CFF9 /* Resources */,
			);
			buildRules = (
			);
			dependencies = (
				3D6ACEC11E80D6BE0015CFF9 /* PBXTargetDependency */,
			);
			name = HudDemoTests;
			productName = HubDemoTests;
			productReference = 3D6ACEBF1E80D6BE0015CFF9 /* HudDemoTests.xctest */;
			productType = "com.apple.product-type.bundle.unit-test";
		};
/* End PBXNativeTarget section */

/* Begin PBXProject section */
		3D6ACEA31E80D6BD0015CFF9 /* Project object */ = {
			isa = PBXProject;
			attributes = {
				LastSwiftUpdateCheck = 0820;
				LastUpgradeCheck = 0820;
				ORGANIZATIONNAME = huaweikang;
				TargetAttributes = {
					3D6ACEAA1E80D6BD0015CFF9 = {
						CreatedOnToolsVersion = 8.2.1;
						DevelopmentTeam = 5LZ6K24W57;
						ProvisioningStyle = Automatic;
					};
					3D6ACEBE1E80D6BE0015CFF9 = {
						CreatedOnToolsVersion = 8.2.1;
						DevelopmentTeam = 6389HTN5HM;
						ProvisioningStyle = Automatic;
						TestTargetID = 3D6ACEAA1E80D6BD0015CFF9;
					};
				};
			};
			buildConfigurationList = 3D6ACEA61E80D6BD0015CFF9 /* Build configuration list for PBXProject "HudDemo" */;
			compatibilityVersion = "Xcode 3.2";
			developmentRegion = English;
			hasScannedForEncodings = 0;
			knownRegions = (
				en,
				Base,
			);
			mainGroup = 3D6ACEA21E80D6BD0015CFF9;
			productRefGroup = 3D6ACEAC1E80D6BD0015CFF9 /* Products */;
			projectDirPath = "";
			projectRoot = "";
			targets = (
				3D6ACEAA1E80D6BD0015CFF9 /* HudDemo */,
				3D6ACEBE1E80D6BE0015CFF9 /* HudDemoTests */,
			);
		};
/* End PBXProject section */

/* Begin PBXResourcesBuildPhase section */
		3D6ACEA91E80D6BD0015CFF9 /* Resources */ = {
			isa = PBXResourcesBuildPhase;
			buildActionMask = 2147483647;
			files = (
				3D6ACEB91E80D6BD0015CFF9 /* LaunchScreen.storyboard in Resources */,
				3D6ACEB61E80D6BD0015CFF9 /* Assets.xcassets in Resources */,
				3D6ACEB41E80D6BD0015CFF9 /* Main.storyboard in Resources */,
			);
			runOnlyForDeploymentPostprocessing = 0;
		};
		3D6ACEBD1E80D6BE0015CFF9 /* Resources */ = {
			isa = PBXResourcesBuildPhase;
			buildActionMask = 2147483647;
			files = (
			);
			runOnlyForDeploymentPostprocessing = 0;
		};
/* End PBXResourcesBuildPhase section */

/* Begin PBXSourcesBuildPhase section */
		3D6ACEA71E80D6BD0015CFF9 /* Sources */ = {
			isa = PBXSourcesBuildPhase;
			buildActionMask = 2147483647;
			files = (
				3D6ACEB11E80D6BD0015CFF9 /* ViewController.swift in Sources */,
				3DE635D11E88BFBB009F591B /* HKProgressHUD.swift in Sources */,
				3D6ACED11E80DC420015CFF9 /* ProgressView.swift in Sources */,
				3D6ACEAF1E80D6BD0015CFF9 /* AppDelegate.swift in Sources */,
			);
			runOnlyForDeploymentPostprocessing = 0;
		};
		3D6ACEBB1E80D6BE0015CFF9 /* Sources */ = {
			isa = PBXSourcesBuildPhase;
			buildActionMask = 2147483647;
			files = (
				3D6ACEC41E80D6BE0015CFF9 /* HudDemoTests.swift in Sources */,
			);
			runOnlyForDeploymentPostprocessing = 0;
		};
/* End PBXSourcesBuildPhase section */

/* Begin PBXTargetDependency section */
		3D6ACEC11E80D6BE0015CFF9 /* PBXTargetDependency */ = {
			isa = PBXTargetDependency;
			target = 3D6ACEAA1E80D6BD0015CFF9 /* HudDemo */;
			targetProxy = 3D6ACEC01E80D6BE0015CFF9 /* PBXContainerItemProxy */;
		};
/* End PBXTargetDependency section */

/* Begin PBXVariantGroup section */
		3D6ACEB21E80D6BD0015CFF9 /* Main.storyboard */ = {
			isa = PBXVariantGroup;
			children = (
				3D6ACEB31E80D6BD0015CFF9 /* Base */,
			);
			name = Main.storyboard;
			sourceTree = "<group>";
		};
		3D6ACEB71E80D6BD0015CFF9 /* LaunchScreen.storyboard */ = {
			isa = PBXVariantGroup;
			children = (
				3D6ACEB81E80D6BD0015CFF9 /* Base */,
			);
			name = LaunchScreen.storyboard;
			sourceTree = "<group>";
		};
/* End PBXVariantGroup section */

/* Begin XCBuildConfiguration section */
		3D6ACEC61E80D6BE0015CFF9 /* Debug */ = {
			isa = XCBuildConfiguration;
			buildSettings = {
				ALWAYS_SEARCH_USER_PATHS = NO;
				CLANG_ANALYZER_NONNULL = YES;
				CLANG_CXX_LANGUAGE_STANDARD = "gnu++0x";
				CLANG_CXX_LIBRARY = "libc++";
				CLANG_ENABLE_MODULES = YES;
				CLANG_ENABLE_OBJC_ARC = YES;
				CLANG_WARN_BOOL_CONVERSION = YES;
				CLANG_WARN_CONSTANT_CONVERSION = YES;
				CLANG_WARN_DIRECT_OBJC_ISA_USAGE = YES_ERROR;
				CLANG_WARN_DOCUMENTATION_COMMENTS = YES;
				CLANG_WARN_EMPTY_BODY = YES;
				CLANG_WARN_ENUM_CONVERSION = YES;
				CLANG_WARN_INFINITE_RECURSION = YES;
				CLANG_WARN_INT_CONVERSION = YES;
				CLANG_WARN_OBJC_ROOT_CLASS = YES_ERROR;
				CLANG_WARN_SUSPICIOUS_MOVE = YES;
				CLANG_WARN_UNREACHABLE_CODE = YES;
				CLANG_WARN__DUPLICATE_METHOD_MATCH = YES;
				"CODE_SIGN_IDENTITY[sdk=iphoneos*]" = "iPhone Developer";
				COPY_PHASE_STRIP = NO;
				DEBUG_INFORMATION_FORMAT = dwarf;
				ENABLE_STRICT_OBJC_MSGSEND = YES;
				ENABLE_TESTABILITY = YES;
				GCC_C_LANGUAGE_STANDARD = gnu99;
				GCC_DYNAMIC_NO_PIC = NO;
				GCC_NO_COMMON_BLOCKS = YES;
				GCC_OPTIMIZATION_LEVEL = 0;
				GCC_PREPROCESSOR_DEFINITIONS = (
					"DEBUG=1",
					"$(inherited)",
				);
				GCC_WARN_64_TO_32_BIT_CONVERSION = YES;
				GCC_WARN_ABOUT_RETURN_TYPE = YES_ERROR;
				GCC_WARN_UNDECLARED_SELECTOR = YES;
				GCC_WARN_UNINITIALIZED_AUTOS = YES_AGGRESSIVE;
				GCC_WARN_UNUSED_FUNCTION = YES;
				GCC_WARN_UNUSED_VARIABLE = YES;
				IPHONEOS_DEPLOYMENT_TARGET = 10.0;
				MTL_ENABLE_DEBUG_INFO = YES;
				ONLY_ACTIVE_ARCH = YES;
				SDKROOT = iphoneos;
				SWIFT_ACTIVE_COMPILATION_CONDITIONS = DEBUG;
				SWIFT_OPTIMIZATION_LEVEL = "-Onone";
				TARGETED_DEVICE_FAMILY = "1,2";
			};
			name = Debug;
		};
		3D6ACEC71E80D6BE0015CFF9 /* Release */ = {
			isa = XCBuildConfiguration;
			buildSettings = {
				ALWAYS_SEARCH_USER_PATHS = NO;
				CLANG_ANALYZER_NONNULL = YES;
				CLANG_CXX_LANGUAGE_STANDARD = "gnu++0x";
				CLANG_CXX_LIBRARY = "libc++";
				CLANG_ENABLE_MODULES = YES;
				CLANG_ENABLE_OBJC_ARC = YES;
				CLANG_WARN_BOOL_CONVERSION = YES;
				CLANG_WARN_CONSTANT_CONVERSION = YES;
				CLANG_WARN_DIRECT_OBJC_ISA_USAGE = YES_ERROR;
				CLANG_WARN_DOCUMENTATION_COMMENTS = YES;
				CLANG_WARN_EMPTY_BODY = YES;
				CLANG_WARN_ENUM_CONVERSION = YES;
				CLANG_WARN_INFINITE_RECURSION = YES;
				CLANG_WARN_INT_CONVERSION = YES;
				CLANG_WARN_OBJC_ROOT_CLASS = YES_ERROR;
				CLANG_WARN_SUSPICIOUS_MOVE = YES;
				CLANG_WARN_UNREACHABLE_CODE = YES;
				CLANG_WARN__DUPLICATE_METHOD_MATCH = YES;
				"CODE_SIGN_IDENTITY[sdk=iphoneos*]" = "iPhone Developer";
				COPY_PHASE_STRIP = NO;
				DEBUG_INFORMATION_FORMAT = "dwarf-with-dsym";
				ENABLE_NS_ASSERTIONS = NO;
				ENABLE_STRICT_OBJC_MSGSEND = YES;
				GCC_C_LANGUAGE_STANDARD = gnu99;
				GCC_NO_COMMON_BLOCKS = YES;
				GCC_WARN_64_TO_32_BIT_CONVERSION = YES;
				GCC_WARN_ABOUT_RETURN_TYPE = YES_ERROR;
				GCC_WARN_UNDECLARED_SELECTOR = YES;
				GCC_WARN_UNINITIALIZED_AUTOS = YES_AGGRESSIVE;
				GCC_WARN_UNUSED_FUNCTION = YES;
				GCC_WARN_UNUSED_VARIABLE = YES;
				IPHONEOS_DEPLOYMENT_TARGET = 10.0;
				MTL_ENABLE_DEBUG_INFO = NO;
				SDKROOT = iphoneos;
				SWIFT_OPTIMIZATION_LEVEL = "-Owholemodule";
				TARGETED_DEVICE_FAMILY = "1,2";
				VALIDATE_PRODUCT = YES;
			};
			name = Release;
		};
		3D6ACEC91E80D6BE0015CFF9 /* Debug */ = {
			isa = XCBuildConfiguration;
			buildSettings = {
				ASSETCATALOG_COMPILER_APPICON_NAME = AppIcon;
				DEVELOPMENT_TEAM = 5LZ6K24W57;
				INFOPLIST_FILE = HubDemo/Info.plist;
				LD_RUNPATH_SEARCH_PATHS = "$(inherited) @executable_path/Frameworks";
				PRODUCT_BUNDLE_IDENTIFIER = com.huaweikang.HudDemo;
				PRODUCT_NAME = "$(TARGET_NAME)";
				SWIFT_VERSION = 3.0;
			};
			name = Debug;
		};
		3D6ACECA1E80D6BE0015CFF9 /* Release */ = {
			isa = XCBuildConfiguration;
			buildSettings = {
				ASSETCATALOG_COMPILER_APPICON_NAME = AppIcon;
				DEVELOPMENT_TEAM = 5LZ6K24W57;
				INFOPLIST_FILE = HubDemo/Info.plist;
				LD_RUNPATH_SEARCH_PATHS = "$(inherited) @executable_path/Frameworks";
				PRODUCT_BUNDLE_IDENTIFIER = com.huaweikang.HudDemo;
				PRODUCT_NAME = "$(TARGET_NAME)";
				SWIFT_VERSION = 3.0;
			};
			name = Release;
		};
		3D6ACECC1E80D6BE0015CFF9 /* Debug */ = {
			isa = XCBuildConfiguration;
			buildSettings = {
				ALWAYS_EMBED_SWIFT_STANDARD_LIBRARIES = YES;
				BUNDLE_LOADER = "$(TEST_HOST)";
				DEVELOPMENT_TEAM = 6389HTN5HM;
				INFOPLIST_FILE = HubDemoTests/Info.plist;
				LD_RUNPATH_SEARCH_PATHS = "$(inherited) @executable_path/Frameworks @loader_path/Frameworks";
				PRODUCT_BUNDLE_IDENTIFIER = com.huaweikang.HubDemoTests;
				PRODUCT_NAME = "$(TARGET_NAME)";
				SWIFT_VERSION = 3.0;
				TEST_HOST = "$(BUILT_PRODUCTS_DIR)/HudDemo.app/HudDemo";
			};
			name = Debug;
		};
		3D6ACECD1E80D6BE0015CFF9 /* Release */ = {
			isa = XCBuildConfiguration;
			buildSettings = {
				ALWAYS_EMBED_SWIFT_STANDARD_LIBRARIES = YES;
				BUNDLE_LOADER = "$(TEST_HOST)";
				DEVELOPMENT_TEAM = 6389HTN5HM;
				INFOPLIST_FILE = HubDemoTests/Info.plist;
				LD_RUNPATH_SEARCH_PATHS = "$(inherited) @executable_path/Frameworks @loader_path/Frameworks";
				PRODUCT_BUNDLE_IDENTIFIER = com.huaweikang.HubDemoTests;
				PRODUCT_NAME = "$(TARGET_NAME)";
				SWIFT_VERSION = 3.0;
				TEST_HOST = "$(BUILT_PRODUCTS_DIR)/HudDemo.app/HudDemo";
			};
			name = Release;
		};
/* End XCBuildConfiguration section */

/* Begin XCConfigurationList section */
		3D6ACEA61E80D6BD0015CFF9 /* Build configuration list for PBXProject "HudDemo" */ = {
			isa = XCConfigurationList;
			buildConfigurations = (
				3D6ACEC61E80D6BE0015CFF9 /* Debug */,
				3D6ACEC71E80D6BE0015CFF9 /* Release */,
			);
			defaultConfigurationIsVisible = 0;
			defaultConfigurationName = Release;
		};
		3D6ACEC81E80D6BE0015CFF9 /* Build configuration list for PBXNativeTarget "HudDemo" */ = {
			isa = XCConfigurationList;
			buildConfigurations = (
				3D6ACEC91E80D6BE0015CFF9 /* Debug */,
				3D6ACECA1E80D6BE0015CFF9 /* Release */,
			);
			defaultConfigurationIsVisible = 0;
			defaultConfigurationName = Release;
		};
		3D6ACECB1E80D6BE0015CFF9 /* Build configuration list for PBXNativeTarget "HudDemoTests" */ = {
			isa = XCConfigurationList;
			buildConfigurations = (
				3D6ACECC1E80D6BE0015CFF9 /* Debug */,
				3D6ACECD1E80D6BE0015CFF9 /* Release */,
			);
			defaultConfigurationIsVisible = 0;
			defaultConfigurationName = Release;
		};
/* End XCConfigurationList section */
	};
	rootObject = 3D6ACEA31E80D6BD0015CFF9 /* Project object */;
}
